{
  "name": "hexo-theme-next",
  "version": "5.1.2",
  "lockfileVersion": 1,
  "requires": true,
  "dependencies": {
    "valine": {
      "version": "1.1.9-beta9",
      "resolved": "https://registry.npmjs.org/valine/-/valine-1.1.9-beta9.tgz",
      "integrity": "sha512-6M/Bay6UaKBrJmyf3joq7rMUdXs/L+d0yerTeRGHkErn4EETOGJJE1yPqJfMRJ2emUGWW5w+J9XSZ5HoGKTPow=="
    }
  }
}
